{
  "name": "server",
  "lockfileVersion": 3,
  "requires": true,
  "packages": {
    "": {
      "dependencies": {
        "server": "file:.."
      }
    },
    "..": {
      "version": "1.0.0",
      "license": "ISC",
      "dependencies": {
        "@octokit/rest": "^22.0.1",
        "cors": "^2.8.6",
        "dotenv": "^17.3.1",
        "express": "^5.2.1",
        "mongoose": "^9.3.3",
        "node-cron": "^4.2.1"
      },
      "devDependencies": {
        "cross-env": "^10.1.0",
        "nodemon": "^3.1.14"
      }
    },
    "node_modules/server": {
      "resolved": "..",
      "link": true
    }
  }
}
